
Microsoft Visual Studio Solution File, Format Version 11.00
# Visual Studio 2010
Project("{FAE04EC0-301F-11D3-BF4B-00C04F79EFBC}") = "AllocateArrays", "AllocateArrays\AllocateArrays.csproj", "{BE9BB221-7576-4652-A45E-F4CE5CD2786E}"
EndProject
Global
	GlobalSection(SolutionConfigurationPlatforms) = preSolution
		Debug|x86 = Debug|x86
		Release|x86 = Release|x86
	EndGlobalSection
	GlobalSection(ProjectConfigurationPlatforms) = postSolution
		{BE9BB221-7576-4652-A45E-F4CE5CD2786E}.Debug|x86.ActiveCfg = Debug|x86
		{BE9BB221-7576-4652-A45E-F4CE5CD2786E}.Debug|x86.Build.0 = Debug|x86
		{BE9BB221-7576-4652-A45E-F4CE5CD2786E}.Release|x86.ActiveCfg = Release|x86
		{BE9BB221-7576-4652-A45E-F4CE5CD2786E}.Release|x86.Build.0 = Release|x86
	EndGlobalSection
	GlobalSection(SolutionProperties) = preSolution
		HideSolutionNode = FALSE
	EndGlobalSection
EndGlobal
