
Microsoft Visual Studio Solution File, Format Version 11.00
# Visual Studio 2010
Project("{FAE04EC0-301F-11D3-BF4B-00C04F79EFBC}") = "QuickSortArr", "QuickSortArr\QuickSortArr.csproj", "{C9C836E7-F06E-407F-A69D-75DFE62B3D63}"
EndProject
Global
	GlobalSection(SolutionConfigurationPlatforms) = preSolution
		Debug|x86 = Debug|x86
		Release|x86 = Release|x86
	EndGlobalSection
	GlobalSection(ProjectConfigurationPlatforms) = postSolution
		{C9C836E7-F06E-407F-A69D-75DFE62B3D63}.Debug|x86.ActiveCfg = Debug|x86
		{C9C836E7-F06E-407F-A69D-75DFE62B3D63}.Debug|x86.Build.0 = Debug|x86
		{C9C836E7-F06E-407F-A69D-75DFE62B3D63}.Release|x86.ActiveCfg = Release|x86
		{C9C836E7-F06E-407F-A69D-75DFE62B3D63}.Release|x86.Build.0 = Release|x86
	EndGlobalSection
	GlobalSection(SolutionProperties) = preSolution
		HideSolutionNode = FALSE
	EndGlobalSection
EndGlobal
